
Microsoft Visual Studio Solution File, Format Version 12.00
# Visual Studio Version 17
VisualStudioVersion = 17.4.33213.308
MinimumVisualStudioVersion = 10.0.40219.1
Project("{FAE04EC0-301F-11D3-BF4B-00C04F79EFBC}") = "OperatingOS", "OperatingOS\OperatingOS.csproj", "{D784E39E-F057-4FA2-9613-ED68A7F51917}"
EndProject
Global
	GlobalSection(SolutionConfigurationPlatforms) = preSolution
		Debug|Any CPU = Debug|Any CPU
		Release|Any CPU = Release|Any CPU
	EndGlobalSection
	GlobalSection(ProjectConfigurationPlatforms) = postSolution
		{D784E39E-F057-4FA2-9613-ED68A7F51917}.Debug|Any CPU.ActiveCfg = Debug|Any CPU
		{D784E39E-F057-4FA2-9613-ED68A7F51917}.Debug|Any CPU.Build.0 = Debug|Any CPU
		{D784E39E-F057-4FA2-9613-ED68A7F51917}.Release|Any CPU.ActiveCfg = Release|Any CPU
		{D784E39E-F057-4FA2-9613-ED68A7F51917}.Release|Any CPU.Build.0 = Release|Any CPU
	EndGlobalSection
	GlobalSection(SolutionProperties) = preSolution
		HideSolutionNode = FALSE
	EndGlobalSection
	GlobalSection(ExtensibilityGlobals) = postSolution
		SolutionGuid = {4AA71F49-D02A-4907-A319-627FE4098560}
	EndGlobalSection
EndGlobal
